{
  "version": 1,
  "dependencies": {
    "net10.0-windows10.0.17763": {
      "NAudio.Wasapi": {
        "type": "Direct",
        "requested": "[2.3.0, )",
        "resolved": "2.3.0",
        "contentHash": "y5K2BxrLnvohgu5znzg5wRsai3YcuNXfrpo68i7PmCQqpK5MC/R24e5aO3OyN/XhfRr12e0QYV0OnUWEHi5SzA==",
        "dependencies": {
          "NAudio.Core": "2.3.0"
        }
      },
      "ScreenCapture.NET.DX11": {
        "type": "Direct",
        "requested": "[3.0.0, 3.0.0]",
        "resolved": "3.0.0",
        "contentHash": "j6YKn8Cd5PgHLMTSGPpmMoUiHRmggpQovaCwH7p/J7fMuAuG0RuvaLwEb0TfGfRv1LKxTzV8moTHzoehdDIdmw==",
        "dependencies": {
          "ScreenCapture.NET": "3.0.0",
          "Vortice.Direct3D11": "3.5.0"
        }
      },
      "HPPH": {
        "type": "Transitive",
        "resolved": "1.0.0",
        "contentHash": "XW4/RrnvolGGJm052bkutBPy1LlolW4rhMkmf2eXWaMGxCuTUfhAsewmgQPF7g50JSS7gu/n73rAUzcVW1vbfA=="
      },
      "NAudio.Core": {
        "type": "Transitive",
        "resolved": "2.3.0",
        "contentHash": "jMd7r6dB6tAtXhOYL58ntPqwERNm1/Rhw5MKOIYvsnXzuX+PTGsa2VMam6n0npZYSwlSidKa4GAm4bFcXFUlcg=="
      },
      "ScreenCapture.NET": {
        "type": "Transitive",
        "resolved": "3.0.0",
        "contentHash": "/nAlvKYg+Ucy3FH+9QlcVnMCbaFtlX4GSQA9Y2ltLNk6A0jEWMDcNnEkuigIIL3QWDNjb6sXmvzChGMTOs7byw==",
        "dependencies": {
          "HPPH": "1.0.0"
        }
      },
      "SharpGen.Runtime": {
        "type": "Transitive",
        "resolved": "2.1.2-beta",
        "contentHash": "nqZAjfEG1jX1ivvdZLsi6Pkt0DiOJyuOgRgldNFsmjXFPhxUbXQibofLSwuDZidL2kkmtTF8qLoRIeqeVdXgYw=="
      },
      "SharpGen.Runtime.COM": {
        "type": "Transitive",
        "resolved": "2.1.2-beta",
        "contentHash": "HBCrb6HfnUWx9v5/GjJeBr5DuodZLnHlFQQYXPrQs1Hbe1c6Wd0uCXf+SJp4hW8fQNxjXEu0FgiyHGlA/SRzRw==",
        "dependencies": {
          "SharpGen.Runtime": "2.1.2-beta"
        }
      },
      "Vortice.Direct3D11": {
        "type": "Transitive",
        "resolved": "3.5.0",
        "contentHash": "TUVz5tml5tTlk1UpQgh/0cj74ehmlyzvQeGdVkdQGACth2v2t1d+/f84dqT/Trs/5O2WdIvXfYQe2yxALLR5mQ==",
        "dependencies": {
          "SharpGen.Runtime": "2.1.2-beta",
          "Vortice.DXGI": "3.5.0"
        }
      },
      "Vortice.DirectX": {
        "type": "Transitive",
        "resolved": "3.5.0",
        "contentHash": "LwyojEqRCaYgMoEqKsLnHWJ85wM237wFzZy/w57kvQPDsEd+zcqdwDYswOCEdizcLtDBzX/Xt4bbUPgFi8Kp4w==",
        "dependencies": {
          "SharpGen.Runtime": "2.1.2-beta",
          "SharpGen.Runtime.COM": "2.1.2-beta",
          "Vortice.Mathematics": "1.7.8"
        }
      },
      "Vortice.DXGI": {
        "type": "Transitive",
        "resolved": "3.5.0",
        "contentHash": "W1dHY13DbitLJDVAAD8+YiGddqzBP1m3wN3pfEmxYrrE+dGEV/31aaw8EV74GXYnJQZ2vWJCnc7LCFPR2YkBnw==",
        "dependencies": {
          "SharpGen.Runtime": "2.1.2-beta",
          "Vortice.DirectX": "3.5.0"
        }
      },
      "Vortice.Mathematics": {
        "type": "Transitive",
        "resolved": "1.7.8",
        "contentHash": "hpVlfej54yC6Qaq9AYXWgTgF8SDz2dtKbDNZGO8msjn3NjdkUBnFcIzYfOWyvwvpr3aqZPKh4WSSnJ78GxyIWg=="
      },
      "voxflow.windows.application": {
        "type": "Project",
        "dependencies": {
          "VoxFlow.Windows.Domain": "[0.1.1100, )"
        }
      },
      "voxflow.windows.domain": {
        "type": "Project"
      }
    }
  }
}